
Microsoft Visual Studio Solution File, Format Version 12.00
# Visual Studio Version 17
VisualStudioVersion = 17.11.35303.130
MinimumVisualStudioVersion = 10.0.40219.1
Project("{2150E333-8FDC-42A3-9474-1A3956D46DE8}") = "Task0", "Task0", "{CFE24704-40F1-4B7E-97A0-1029F075FE14}"
EndProject
Project("{9A19103F-16F7-4668-BE54-9A1E7A4F7556}") = "Tyuiu.GizatullinAP.Sprint1.Task0.V20.", "Tyuiu.GizatullinAP.Sprint1.Task0.V20\Tyuiu.GizatullinAP.Sprint1.Task0.V20..csproj", "{547A03B0-2B83-4815-A12E-E1E3A62F36EC}"
EndProject
Project("{9A19103F-16F7-4668-BE54-9A1E7A4F7556}") = "Tyuiu.GizatullinAP.Sprint1.Task0.V20.Lib", "Tyuiu.GizatullinAP.Sprint1.Task0.V20.Lib\Tyuiu.GizatullinAP.Sprint1.Task0.V20.Lib.csproj", "{326F36C3-2E31-4EB4-99D7-E9035198CA58}"
EndProject
Project("{9A19103F-16F7-4668-BE54-9A1E7A4F7556}") = "Tyuiu.GizatullinAP.Sprint1.Task0.V20.Test", "Tyuiu.GizatullinAP.Sprint1.Task0.V20.Test\Tyuiu.GizatullinAP.Sprint1.Task0.V20.Test.csproj", "{950EDCAC-19C4-49F0-A3C5-929E92D48061}"
EndProject
Project("{2150E333-8FDC-42A3-9474-1A3956D46DE8}") = "Task1", "Task1", "{04764988-86C5-40D8-889F-C2AE6A065908}"
EndProject
Project("{FAE04EC0-301F-11D3-BF4B-00C04F79EFBC}") = "Tyuiu.GizatullinAP.Sprint1.Task1.V3.Test", "Tyuiu.GizatullinAP.Sprint1.Task1.V3.Test\Tyuiu.GizatullinAP.Sprint1.Task1.V3.Test.csproj", "{2DB126D9-803E-4F6C-9D55-DF6056E01EF9}"
EndProject
Project("{FAE04EC0-301F-11D3-BF4B-00C04F79EFBC}") = "Tyuiu.GizatullinAP.Sprint1.Task1.V3", "Tyuiu.GizatullinAP.Sprint1.Task1.V3\Tyuiu.GizatullinAP.Sprint1.Task1.V3.csproj", "{89FFE225-FA4C-4B41-8887-C246B9410B2F}"
EndProject
Project("{FAE04EC0-301F-11D3-BF4B-00C04F79EFBC}") = "Tyuiu.GizatullinAP.Sprint1.Task1.V3.Lib", "Tyuiu.GizatullinAP.Sprint1.Task1.V3.Lib\Tyuiu.GizatullinAP.Sprint1.Task1.V3.Lib.csproj", "{25190CEE-4C90-4E70-9BA0-1FD19C60D444}"
EndProject
Project("{2150E333-8FDC-42A3-9474-1A3956D46DE8}") = "Task2", "Task2", "{5C358FBF-1C1D-4C91-AC17-1D61EDB9DBF9}"
EndProject
Project("{FAE04EC0-301F-11D3-BF4B-00C04F79EFBC}") = "Tyuiu.GizatullinAP.Sprint1.Task2.V5.Lib", "Tyuiu.GizatullinAP.Sprint1.Task2.V5.Lib\Tyuiu.GizatullinAP.Sprint1.Task2.V5.Lib.csproj", "{DEBA68E4-E569-4CB5-B760-93D46C5EDF96}"
EndProject
Project("{FAE04EC0-301F-11D3-BF4B-00C04F79EFBC}") = "Tyuiu.GizatullinAP.Sprint1.Task2.V5.Test", "Tyuiu.GizatullinAP.Sprint1.Task2.V5.Test\Tyuiu.GizatullinAP.Sprint1.Task2.V5.Test.csproj", "{D04A1444-C570-4CC5-AAE0-C3B30AC39ECE}"
EndProject
Project("{FAE04EC0-301F-11D3-BF4B-00C04F79EFBC}") = "Tyuiu.GizatullinAP.Sprint1.Task2.V5", "Tyuiu.GizatullinAP.Sprint1.Task2.V5\Tyuiu.GizatullinAP.Sprint1.Task2.V5.csproj", "{C05AA3AD-CE0F-47C1-857A-AB1597375CC0}"
EndProject
Project("{2150E333-8FDC-42A3-9474-1A3956D46DE8}") = "Task3", "Task3", "{BC70853F-1D16-4FF0-8579-32DAB07CF972}"
EndProject
Project("{FAE04EC0-301F-11D3-BF4B-00C04F79EFBC}") = "Tyuiu.GizatullinAP.Sprint1.Task3.V12", "Tyuiu.GizatullinAP.Sprint1.Task3.V12\Tyuiu.GizatullinAP.Sprint1.Task3.V12.csproj", "{670E2CF9-16CB-4B6D-98BD-51032318F42C}"
EndProject
Project("{FAE04EC0-301F-11D3-BF4B-00C04F79EFBC}") = "Tyuiu.GizatullinAP.Sprint1.Task3.V12.Lib", "Tyuiu.GizatullinAP.Sprint1.Task3.V12.Lib\Tyuiu.GizatullinAP.Sprint1.Task3.V12.Lib.csproj", "{131390DB-071C-4997-B28D-5FE1106A7426}"
EndProject
Project("{FAE04EC0-301F-11D3-BF4B-00C04F79EFBC}") = "Tyuiu.GizatullinAP.Sprint1.Task3.V12.Test", "Tyuiu.GizatullinAP.Sprint1.Task3.V12.Test\Tyuiu.GizatullinAP.Sprint1.Task3.V12.Test.csproj", "{8E1E0A6A-F05D-45F1-8227-9A41D23F0782}"
EndProject
Project("{2150E333-8FDC-42A3-9474-1A3956D46DE8}") = "Task4", "Task4", "{3FE4B02E-0ED8-4BB1-8558-8910BF9BFD65}"
EndProject
Project("{FAE04EC0-301F-11D3-BF4B-00C04F79EFBC}") = "Tyuiu.GizatullinAP.Sprint1.Task4.V14.Lib", "Tyuiu.GizatullinAP.Sprint1.Task4.V14.Lib\Tyuiu.GizatullinAP.Sprint1.Task4.V14.Lib.csproj", "{BB27DC27-6BAD-495B-AA09-59C04B139D64}"
EndProject
Project("{FAE04EC0-301F-11D3-BF4B-00C04F79EFBC}") = "Tyuiu.GizatullinAP.Sprint1.Task4.V14", "Tyuiu.GizatullinAP.Sprint1.Task4.V14\Tyuiu.GizatullinAP.Sprint1.Task4.V14.csproj", "{B16ADB87-8094-4389-83D1-9AEB60E0CBFD}"
EndProject
Project("{FAE04EC0-301F-11D3-BF4B-00C04F79EFBC}") = "Tyuiu.GizatullinAP.Sprint1.Task4.V14.Test", "Tyuiu.GizatullinAP.Sprint1.Task4.V14.Test\Tyuiu.GizatullinAP.Sprint1.Task4.V14.Test.csproj", "{52523C10-56EF-4C2F-BC95-00D3FA997994}"
EndProject
Project("{2150E333-8FDC-42A3-9474-1A3956D46DE8}") = "Task5", "Task5", "{B868A725-1B98-4883-8FB8-1DC3B92755C4}"
EndProject
Project("{FAE04EC0-301F-11D3-BF4B-00C04F79EFBC}") = "Tyuiu.GizatullinAP.Sprint1.Task5.V2.Test", "Tyuiu.GizatullinAP.Sprint1.Task5.V2.Test\Tyuiu.GizatullinAP.Sprint1.Task5.V2.Test.csproj", "{677AEECE-E2C0-4A4A-B6F9-A63D836E4549}"
EndProject
Project("{FAE04EC0-301F-11D3-BF4B-00C04F79EFBC}") = "Tyuiu.GizatullinAP.Sprint1.Task5.V2.Lib", "Tyuiu.GizatullinAP.Sprint1.Task5.V2.Lib\Tyuiu.GizatullinAP.Sprint1.Task5.V2.Lib.csproj", "{107750C2-472F-4DDC-989F-4B3265CDBBD0}"
EndProject
Project("{FAE04EC0-301F-11D3-BF4B-00C04F79EFBC}") = "Tyuiu.GizatullinAP.Sprint1.Task5.V2", "Tyuiu.GizatullinAP.Sprint1.Task5.V2\Tyuiu.GizatullinAP.Sprint1.Task5.V2.csproj", "{9F2C7C1C-B042-4BAD-876D-7F49B0FB34BA}"
EndProject
Project("{2150E333-8FDC-42A3-9474-1A3956D46DE8}") = "Task6", "Task6", "{3AD83936-FABB-467D-8383-8AD3D575AC48}"
EndProject
Project("{FAE04EC0-301F-11D3-BF4B-00C04F79EFBC}") = "Tyuiu.GizatullinAP.Sprint1.Task6.V11", "Tyuiu.GizatullinAP.Sprint1.Task6.V11\Tyuiu.GizatullinAP.Sprint1.Task6.V11.csproj", "{7633E45C-A428-42AC-B6C1-2C68E7A80F14}"
EndProject
Project("{FAE04EC0-301F-11D3-BF4B-00C04F79EFBC}") = "Tyuiu.GizatullinAP.Sprint1.Task6.V11.Test", "Tyuiu.GizatullinAP.Sprint1.Task6.V11.Test\Tyuiu.GizatullinAP.Sprint1.Task6.V11.Test.csproj", "{9D03418C-3340-4BF0-8885-F2C459B59077}"
EndProject
Project("{FAE04EC0-301F-11D3-BF4B-00C04F79EFBC}") = "Tyuiu.GizatullinAP.Sprint1.Task6.V11.Lib", "Tyuiu.GizatullinAP.Sprint1.Task6.V11.Lib\Tyuiu.GizatullinAP.Sprint1.Task6.V11.Lib.csproj", "{1415A941-7A56-4E63-8A3B-417A2663EA07}"
EndProject
Global
	GlobalSection(SolutionConfigurationPlatforms) = preSolution
		Debug|Any CPU = Debug|Any CPU
		Release|Any CPU = Release|Any CPU
	EndGlobalSection
	GlobalSection(ProjectConfigurationPlatforms) = postSolution
		{547A03B0-2B83-4815-A12E-E1E3A62F36EC}.Debug|Any CPU.ActiveCfg = Debug|Any CPU
		{547A03B0-2B83-4815-A12E-E1E3A62F36EC}.Debug|Any CPU.Build.0 = Debug|Any CPU
		{547A03B0-2B83-4815-A12E-E1E3A62F36EC}.Release|Any CPU.ActiveCfg = Release|Any CPU
		{547A03B0-2B83-4815-A12E-E1E3A62F36EC}.Release|Any CPU.Build.0 = Release|Any CPU
		{326F36C3-2E31-4EB4-99D7-E9035198CA58}.Debug|Any CPU.ActiveCfg = Debug|Any CPU
		{326F36C3-2E31-4EB4-99D7-E9035198CA58}.Debug|Any CPU.Build.0 = Debug|Any CPU
		{326F36C3-2E31-4EB4-99D7-E9035198CA58}.Release|Any CPU.ActiveCfg = Release|Any CPU
		{326F36C3-2E31-4EB4-99D7-E9035198CA58}.Release|Any CPU.Build.0 = Release|Any CPU
		{950EDCAC-19C4-49F0-A3C5-929E92D48061}.Debug|Any CPU.ActiveCfg = Debug|Any CPU
		{950EDCAC-19C4-49F0-A3C5-929E92D48061}.Debug|Any CPU.Build.0 = Debug|Any CPU
		{950EDCAC-19C4-49F0-A3C5-929E92D48061}.Release|Any CPU.ActiveCfg = Release|Any CPU
		{950EDCAC-19C4-49F0-A3C5-929E92D48061}.Release|Any CPU.Build.0 = Release|Any CPU
		{2DB126D9-803E-4F6C-9D55-DF6056E01EF9}.Debug|Any CPU.ActiveCfg = Debug|Any CPU
		{2DB126D9-803E-4F6C-9D55-DF6056E01EF9}.Debug|Any CPU.Build.0 = Debug|Any CPU
		{2DB126D9-803E-4F6C-9D55-DF6056E01EF9}.Release|Any CPU.ActiveCfg = Release|Any CPU
		{2DB126D9-803E-4F6C-9D55-DF6056E01EF9}.Release|Any CPU.Build.0 = Release|Any CPU
		{89FFE225-FA4C-4B41-8887-C246B9410B2F}.Debug|Any CPU.ActiveCfg = Debug|Any CPU
		{89FFE225-FA4C-4B41-8887-C246B9410B2F}.Debug|Any CPU.Build.0 = Debug|Any CPU
		{89FFE225-FA4C-4B41-8887-C246B9410B2F}.Release|Any CPU.ActiveCfg = Release|Any CPU
		{89FFE225-FA4C-4B41-8887-C246B9410B2F}.Release|Any CPU.Build.0 = Release|Any CPU
		{25190CEE-4C90-4E70-9BA0-1FD19C60D444}.Debug|Any CPU.ActiveCfg = Debug|Any CPU
		{25190CEE-4C90-4E70-9BA0-1FD19C60D444}.Debug|Any CPU.Build.0 = Debug|Any CPU
		{25190CEE-4C90-4E70-9BA0-1FD19C60D444}.Release|Any CPU.ActiveCfg = Release|Any CPU
		{25190CEE-4C90-4E70-9BA0-1FD19C60D444}.Release|Any CPU.Build.0 = Release|Any CPU
		{DEBA68E4-E569-4CB5-B760-93D46C5EDF96}.Debug|Any CPU.ActiveCfg = Debug|Any CPU
		{DEBA68E4-E569-4CB5-B760-93D46C5EDF96}.Debug|Any CPU.Build.0 = Debug|Any CPU
		{DEBA68E4-E569-4CB5-B760-93D46C5EDF96}.Release|Any CPU.ActiveCfg = Release|Any CPU
		{DEBA68E4-E569-4CB5-B760-93D46C5EDF96}.Release|Any CPU.Build.0 = Release|Any CPU
		{D04A1444-C570-4CC5-AAE0-C3B30AC39ECE}.Debug|Any CPU.ActiveCfg = Debug|Any CPU
		{D04A1444-C570-4CC5-AAE0-C3B30AC39ECE}.Debug|Any CPU.Build.0 = Debug|Any CPU
		{D04A1444-C570-4CC5-AAE0-C3B30AC39ECE}.Release|Any CPU.ActiveCfg = Release|Any CPU
		{D04A1444-C570-4CC5-AAE0-C3B30AC39ECE}.Release|Any CPU.Build.0 = Release|Any CPU
		{C05AA3AD-CE0F-47C1-857A-AB1597375CC0}.Debug|Any CPU.ActiveCfg = Debug|Any CPU
		{C05AA3AD-CE0F-47C1-857A-AB1597375CC0}.Debug|Any CPU.Build.0 = Debug|Any CPU
		{C05AA3AD-CE0F-47C1-857A-AB1597375CC0}.Release|Any CPU.ActiveCfg = Release|Any CPU
		{C05AA3AD-CE0F-47C1-857A-AB1597375CC0}.Release|Any CPU.Build.0 = Release|Any CPU
		{670E2CF9-16CB-4B6D-98BD-51032318F42C}.Debug|Any CPU.ActiveCfg = Debug|Any CPU
		{670E2CF9-16CB-4B6D-98BD-51032318F42C}.Debug|Any CPU.Build.0 = Debug|Any CPU
		{670E2CF9-16CB-4B6D-98BD-51032318F42C}.Release|Any CPU.ActiveCfg = Release|Any CPU
		{670E2CF9-16CB-4B6D-98BD-51032318F42C}.Release|Any CPU.Build.0 = Release|Any CPU
		{131390DB-071C-4997-B28D-5FE1106A7426}.Debug|Any CPU.ActiveCfg = Debug|Any CPU
		{131390DB-071C-4997-B28D-5FE1106A7426}.Debug|Any CPU.Build.0 = Debug|Any CPU
		{131390DB-071C-4997-B28D-5FE1106A7426}.Release|Any CPU.ActiveCfg = Release|Any CPU
		{131390DB-071C-4997-B28D-5FE1106A7426}.Release|Any CPU.Build.0 = Release|Any CPU
		{8E1E0A6A-F05D-45F1-8227-9A41D23F0782}.Debug|Any CPU.ActiveCfg = Debug|Any CPU
		{8E1E0A6A-F05D-45F1-8227-9A41D23F0782}.Debug|Any CPU.Build.0 = Debug|Any CPU
		{8E1E0A6A-F05D-45F1-8227-9A41D23F0782}.Release|Any CPU.ActiveCfg = Release|Any CPU
		{8E1E0A6A-F05D-45F1-8227-9A41D23F0782}.Release|Any CPU.Build.0 = Release|Any CPU
		{BB27DC27-6BAD-495B-AA09-59C04B139D64}.Debug|Any CPU.ActiveCfg = Debug|Any CPU
		{BB27DC27-6BAD-495B-AA09-59C04B139D64}.Debug|Any CPU.Build.0 = Debug|Any CPU
		{BB27DC27-6BAD-495B-AA09-59C04B139D64}.Release|Any CPU.ActiveCfg = Release|Any CPU
		{BB27DC27-6BAD-495B-AA09-59C04B139D64}.Release|Any CPU.Build.0 = Release|Any CPU
		{B16ADB87-8094-4389-83D1-9AEB60E0CBFD}.Debug|Any CPU.ActiveCfg = Debug|Any CPU
		{B16ADB87-8094-4389-83D1-9AEB60E0CBFD}.Debug|Any CPU.Build.0 = Debug|Any CPU
		{B16ADB87-8094-4389-83D1-9AEB60E0CBFD}.Release|Any CPU.ActiveCfg = Release|Any CPU
		{B16ADB87-8094-4389-83D1-9AEB60E0CBFD}.Release|Any CPU.Build.0 = Release|Any CPU
		{52523C10-56EF-4C2F-BC95-00D3FA997994}.Debug|Any CPU.ActiveCfg = Debug|Any CPU
		{52523C10-56EF-4C2F-BC95-00D3FA997994}.Debug|Any CPU.Build.0 = Debug|Any CPU
		{52523C10-56EF-4C2F-BC95-00D3FA997994}.Release|Any CPU.ActiveCfg = Release|Any CPU
		{52523C10-56EF-4C2F-BC95-00D3FA997994}.Release|Any CPU.Build.0 = Release|Any CPU
		{677AEECE-E2C0-4A4A-B6F9-A63D836E4549}.Debug|Any CPU.ActiveCfg = Debug|Any CPU
		{677AEECE-E2C0-4A4A-B6F9-A63D836E4549}.Debug|Any CPU.Build.0 = Debug|Any CPU
		{677AEECE-E2C0-4A4A-B6F9-A63D836E4549}.Release|Any CPU.ActiveCfg = Release|Any CPU
		{677AEECE-E2C0-4A4A-B6F9-A63D836E4549}.Release|Any CPU.Build.0 = Release|Any CPU
		{107750C2-472F-4DDC-989F-4B3265CDBBD0}.Debug|Any CPU.ActiveCfg = Debug|Any CPU
		{107750C2-472F-4DDC-989F-4B3265CDBBD0}.Debug|Any CPU.Build.0 = Debug|Any CPU
		{107750C2-472F-4DDC-989F-4B3265CDBBD0}.Release|Any CPU.ActiveCfg = Release|Any CPU
		{107750C2-472F-4DDC-989F-4B3265CDBBD0}.Release|Any CPU.Build.0 = Release|Any CPU
		{9F2C7C1C-B042-4BAD-876D-7F49B0FB34BA}.Debug|Any CPU.ActiveCfg = Debug|Any CPU
		{9F2C7C1C-B042-4BAD-876D-7F49B0FB34BA}.Debug|Any CPU.Build.0 = Debug|Any CPU
		{9F2C7C1C-B042-4BAD-876D-7F49B0FB34BA}.Release|Any CPU.ActiveCfg = Release|Any CPU
		{9F2C7C1C-B042-4BAD-876D-7F49B0FB34BA}.Release|Any CPU.Build.0 = Release|Any CPU
		{7633E45C-A428-42AC-B6C1-2C68E7A80F14}.Debug|Any CPU.ActiveCfg = Debug|Any CPU
		{7633E45C-A428-42AC-B6C1-2C68E7A80F14}.Debug|Any CPU.Build.0 = Debug|Any CPU
		{7633E45C-A428-42AC-B6C1-2C68E7A80F14}.Release|Any CPU.ActiveCfg = Release|Any CPU
		{7633E45C-A428-42AC-B6C1-2C68E7A80F14}.Release|Any CPU.Build.0 = Release|Any CPU
		{9D03418C-3340-4BF0-8885-F2C459B59077}.Debug|Any CPU.ActiveCfg = Debug|Any CPU
		{9D03418C-3340-4BF0-8885-F2C459B59077}.Debug|Any CPU.Build.0 = Debug|Any CPU
		{9D03418C-3340-4BF0-8885-F2C459B59077}.Release|Any CPU.ActiveCfg = Release|Any CPU
		{9D03418C-3340-4BF0-8885-F2C459B59077}.Release|Any CPU.Build.0 = Release|Any CPU
		{1415A941-7A56-4E63-8A3B-417A2663EA07}.Debug|Any CPU.ActiveCfg = Debug|Any CPU
		{1415A941-7A56-4E63-8A3B-417A2663EA07}.Debug|Any CPU.Build.0 = Debug|Any CPU
		{1415A941-7A56-4E63-8A3B-417A2663EA07}.Release|Any CPU.ActiveCfg = Release|Any CPU
		{1415A941-7A56-4E63-8A3B-417A2663EA07}.Release|Any CPU.Build.0 = Release|Any CPU
	EndGlobalSection
	GlobalSection(SolutionProperties) = preSolution
		HideSolutionNode = FALSE
	EndGlobalSection
	GlobalSection(NestedProjects) = preSolution
		{547A03B0-2B83-4815-A12E-E1E3A62F36EC} = {CFE24704-40F1-4B7E-97A0-1029F075FE14}
		{326F36C3-2E31-4EB4-99D7-E9035198CA58} = {CFE24704-40F1-4B7E-97A0-1029F075FE14}
		{950EDCAC-19C4-49F0-A3C5-929E92D48061} = {CFE24704-40F1-4B7E-97A0-1029F075FE14}
		{2DB126D9-803E-4F6C-9D55-DF6056E01EF9} = {04764988-86C5-40D8-889F-C2AE6A065908}
		{89FFE225-FA4C-4B41-8887-C246B9410B2F} = {04764988-86C5-40D8-889F-C2AE6A065908}
		{25190CEE-4C90-4E70-9BA0-1FD19C60D444} = {04764988-86C5-40D8-889F-C2AE6A065908}
		{DEBA68E4-E569-4CB5-B760-93D46C5EDF96} = {5C358FBF-1C1D-4C91-AC17-1D61EDB9DBF9}
		{D04A1444-C570-4CC5-AAE0-C3B30AC39ECE} = {5C358FBF-1C1D-4C91-AC17-1D61EDB9DBF9}
		{C05AA3AD-CE0F-47C1-857A-AB1597375CC0} = {5C358FBF-1C1D-4C91-AC17-1D61EDB9DBF9}
		{670E2CF9-16CB-4B6D-98BD-51032318F42C} = {BC70853F-1D16-4FF0-8579-32DAB07CF972}
		{131390DB-071C-4997-B28D-5FE1106A7426} = {BC70853F-1D16-4FF0-8579-32DAB07CF972}
		{8E1E0A6A-F05D-45F1-8227-9A41D23F0782} = {BC70853F-1D16-4FF0-8579-32DAB07CF972}
		{BB27DC27-6BAD-495B-AA09-59C04B139D64} = {3FE4B02E-0ED8-4BB1-8558-8910BF9BFD65}
		{B16ADB87-8094-4389-83D1-9AEB60E0CBFD} = {3FE4B02E-0ED8-4BB1-8558-8910BF9BFD65}
		{52523C10-56EF-4C2F-BC95-00D3FA997994} = {3FE4B02E-0ED8-4BB1-8558-8910BF9BFD65}
		{677AEECE-E2C0-4A4A-B6F9-A63D836E4549} = {B868A725-1B98-4883-8FB8-1DC3B92755C4}
		{107750C2-472F-4DDC-989F-4B3265CDBBD0} = {B868A725-1B98-4883-8FB8-1DC3B92755C4}
		{9F2C7C1C-B042-4BAD-876D-7F49B0FB34BA} = {B868A725-1B98-4883-8FB8-1DC3B92755C4}
		{7633E45C-A428-42AC-B6C1-2C68E7A80F14} = {3AD83936-FABB-467D-8383-8AD3D575AC48}
		{9D03418C-3340-4BF0-8885-F2C459B59077} = {3AD83936-FABB-467D-8383-8AD3D575AC48}
		{1415A941-7A56-4E63-8A3B-417A2663EA07} = {3AD83936-FABB-467D-8383-8AD3D575AC48}
	EndGlobalSection
	GlobalSection(ExtensibilityGlobals) = postSolution
		SolutionGuid = {07578913-3788-4A16-B03A-38BDCD7B20C4}
	EndGlobalSection
EndGlobal
